// !$*UTF8*$!
{
	archiveVersion = 1;
	classes = {
	};
	objectVersion = 46;
	objects = {

/* Begin PBXBuildFile section */
		97CA761B2148BB430098D487 /* LineGraphView.swift in Sources */ = {isa = PBXBuildFile; fileRef = 97CA761A2148BB430098D487 /* LineGraphView.swift */; };
		97CA761D2148C1E30098D487 /* BarGraphView.swift in Sources */ = {isa = PBXBuildFile; fileRef = 97CA761C2148C1E30098D487 /* BarGraphView.swift */; };
		97D1D564214267D700A054CE /* GraphObject.swift in Sources */ = {isa = PBXBuildFile; fileRef = 97D1D563214267D700A054CE /* GraphObject.swift */; };
		97D1D56621426DAA00A054CE /* GraphData.swift in Sources */ = {isa = PBXBuildFile; fileRef = 97D1D56521426DAA00A054CE /* GraphData.swift */; };
		97D1D568214757CD00A054CE /* GraphFrame.swift in Sources */ = {isa = PBXBuildFile; fileRef = 97D1D567214757CD00A054CE /* GraphFrame.swift */; };
		97D1D56A2147676D00A054CE /* SNBarGraphSingle.swift in Sources */ = {isa = PBXBuildFile; fileRef = 97D1D5692147676D00A054CE /* SNBarGraphSingle.swift */; };
		97D750331EC5863B000563E1 /* SNBarGraph.swift in Sources */ = {isa = PBXBuildFile; fileRef = 97D750321EC5863B000563E1 /* SNBarGraph.swift */; };
		97F2D02D1EC42BE3001B6CA6 /* AppDelegate.swift in Sources */ = {isa = PBXBuildFile; fileRef = 97F2D02C1EC42BE3001B6CA6 /* AppDelegate.swift */; };
		97F2D02F1EC42BE3001B6CA6 /* ViewController.swift in Sources */ = {isa = PBXBuildFile; fileRef = 97F2D02E1EC42BE3001B6CA6 /* ViewController.swift */; };
		97F2D0321EC42BE3001B6CA6 /* Main.storyboard in Resources */ = {isa = PBXBuildFile; fileRef = 97F2D0301EC42BE3001B6CA6 /* Main.storyboard */; };
		97F2D0341EC42BE3001B6CA6 /* Assets.xcassets in Resources */ = {isa = PBXBuildFile; fileRef = 97F2D0331EC42BE3001B6CA6 /* Assets.xcassets */; };
		97F2D0371EC42BE3001B6CA6 /* LaunchScreen.storyboard in Resources */ = {isa = PBXBuildFile; fileRef = 97F2D0351EC42BE3001B6CA6 /* LaunchScreen.storyboard */; };
		97F2D03F1EC42C4D001B6CA6 /* SNGraphFrame.swift in Sources */ = {isa = PBXBuildFile; fileRef = 97F2D03E1EC42C4D001B6CA6 /* SNGraphFrame.swift */; };
		97F2D0411EC42C6C001B6CA6 /* SNColor.swift in Sources */ = {isa = PBXBuildFile; fileRef = 97F2D0401EC42C6C001B6CA6 /* SNColor.swift */; };
		97F2D0431EC42C7F001B6CA6 /* SNLineGraph.swift in Sources */ = {isa = PBXBuildFile; fileRef = 97F2D0421EC42C7F001B6CA6 /* SNLineGraph.swift */; };
		97F2D0471EC42CAE001B6CA6 /* SNLineGraphSingle.swift in Sources */ = {isa = PBXBuildFile; fileRef = 97F2D0461EC42CAE001B6CA6 /* SNLineGraphSingle.swift */; };
		97F2D0491EC42CC8001B6CA6 /* MockData.swift in Sources */ = {isa = PBXBuildFile; fileRef = 97F2D0481EC42CC8001B6CA6 /* MockData.swift */; };
/* End PBXBuildFile section */

/* Begin PBXFileReference section */
		97CA761A2148BB430098D487 /* LineGraphView.swift */ = {isa = PBXFileReference; lastKnownFileType = sourcecode.swift; path = LineGraphView.swift; sourceTree = "<group>"; };
		97CA761C2148C1E30098D487 /* BarGraphView.swift */ = {isa = PBXFileReference; lastKnownFileType = sourcecode.swift; path = BarGraphView.swift; sourceTree = "<group>"; };
		97D1D563214267D700A054CE /* GraphObject.swift */ = {isa = PBXFileReference; lastKnownFileType = sourcecode.swift; path = GraphObject.swift; sourceTree = "<group>"; };
		97D1D56521426DAA00A054CE /* GraphData.swift */ = {isa = PBXFileReference; lastKnownFileType = sourcecode.swift; path = GraphData.swift; sourceTree = "<group>"; };
		97D1D567214757CD00A054CE /* GraphFrame.swift */ = {isa = PBXFileReference; lastKnownFileType = sourcecode.swift; path = GraphFrame.swift; sourceTree = "<group>"; };
		97D1D5692147676D00A054CE /* SNBarGraphSingle.swift */ = {isa = PBXFileReference; lastKnownFileType = sourcecode.swift; path = SNBarGraphSingle.swift; sourceTree = "<group>"; };
		97D750321EC5863B000563E1 /* SNBarGraph.swift */ = {isa = PBXFileReference; fileEncoding = 4; lastKnownFileType = sourcecode.swift; path = SNBarGraph.swift; sourceTree = "<group>"; };
		97F2D0291EC42BE3001B6CA6 /* SNGraph.app */ = {isa = PBXFileReference; explicitFileType = wrapper.application; includeInIndex = 0; path = SNGraph.app; sourceTree = BUILT_PRODUCTS_DIR; };
		97F2D02C1EC42BE3001B6CA6 /* AppDelegate.swift */ = {isa = PBXFileReference; lastKnownFileType = sourcecode.swift; path = AppDelegate.swift; sourceTree = "<group>"; };
		97F2D02E1EC42BE3001B6CA6 /* ViewController.swift */ = {isa = PBXFileReference; lastKnownFileType = sourcecode.swift; path = ViewController.swift; sourceTree = "<group>"; };
		97F2D0311EC42BE3001B6CA6 /* Base */ = {isa = PBXFileReference; lastKnownFileType = file.storyboard; name = Base; path = Base.lproj/Main.storyboard; sourceTree = "<group>"; };
		97F2D0331EC42BE3001B6CA6 /* Assets.xcassets */ = {isa = PBXFileReference; lastKnownFileType = folder.assetcatalog; path = Assets.xcassets; sourceTree = "<group>"; };
		97F2D0361EC42BE3001B6CA6 /* Base */ = {isa = PBXFileReference; lastKnownFileType = file.storyboard; name = Base; path = Base.lproj/LaunchScreen.storyboard; sourceTree = "<group>"; };
		97F2D0381EC42BE3001B6CA6 /* Info.plist */ = {isa = PBXFileReference; lastKnownFileType = text.plist.xml; path = Info.plist; sourceTree = "<group>"; };
		97F2D03E1EC42C4D001B6CA6 /* SNGraphFrame.swift */ = {isa = PBXFileReference; fileEncoding = 4; lastKnownFileType = sourcecode.swift; path = SNGraphFrame.swift; sourceTree = "<group>"; };
		97F2D0401EC42C6C001B6CA6 /* SNColor.swift */ = {isa = PBXFileReference; fileEncoding = 4; lastKnownFileType = sourcecode.swift; path = SNColor.swift; sourceTree = "<group>"; };
		97F2D0421EC42C7F001B6CA6 /* SNLineGraph.swift */ = {isa = PBXFileReference; fileEncoding = 4; lastKnownFileType = sourcecode.swift; path = SNLineGraph.swift; sourceTree = "<group>"; };
		97F2D0461EC42CAE001B6CA6 /* SNLineGraphSingle.swift */ = {isa = PBXFileReference; fileEncoding = 4; lastKnownFileType = sourcecode.swift; path = SNLineGraphSingle.swift; sourceTree = "<group>"; };
		97F2D0481EC42CC8001B6CA6 /* MockData.swift */ = {isa = PBXFileReference; fileEncoding = 4; lastKnownFileType = sourcecode.swift; path = MockData.swift; sourceTree = "<group>"; };
/* End PBXFileReference section */

/* Begin PBXFrameworksBuildPhase section */
		97F2D0261EC42BE3001B6CA6 /* Frameworks */ = {
			isa = PBXFrameworksBuildPhase;
			buildActionMask = 2147483647;
			files = (
			);
			runOnlyForDeploymentPostprocessing = 0;
		};
/* End PBXFrameworksBuildPhase section */

/* Begin PBXGroup section */
		97D1D5622142609D00A054CE /* Models */ = {
			isa = PBXGroup;
			children = (
				97D1D56521426DAA00A054CE /* GraphData.swift */,
				97D1D563214267D700A054CE /* GraphObject.swift */,
				97D1D567214757CD00A054CE /* GraphFrame.swift */,
				97F2D03E1EC42C4D001B6CA6 /* SNGraphFrame.swift */,
				97F2D0461EC42CAE001B6CA6 /* SNLineGraphSingle.swift */,
				97F2D0421EC42C7F001B6CA6 /* SNLineGraph.swift */,
				97D1D5692147676D00A054CE /* SNBarGraphSingle.swift */,
				97D750321EC5863B000563E1 /* SNBarGraph.swift */,
				97F2D0481EC42CC8001B6CA6 /* MockData.swift */,
			);
			path = Models;
			sourceTree = "<group>";
		};
		97F2D0201EC42BE3001B6CA6 = {
			isa = PBXGroup;
			children = (
				97F2D02B1EC42BE3001B6CA6 /* SNGraph */,
				97F2D02A1EC42BE3001B6CA6 /* Products */,
			);
			sourceTree = "<group>";
		};
		97F2D02A1EC42BE3001B6CA6 /* Products */ = {
			isa = PBXGroup;
			children = (
				97F2D0291EC42BE3001B6CA6 /* SNGraph.app */,
			);
			name = Products;
			sourceTree = "<group>";
		};
		97F2D02B1EC42BE3001B6CA6 /* SNGraph */ = {
			isa = PBXGroup;
			children = (
				97F2D02C1EC42BE3001B6CA6 /* AppDelegate.swift */,
				97F2D02E1EC42BE3001B6CA6 /* ViewController.swift */,
				97F2D0301EC42BE3001B6CA6 /* Main.storyboard */,
				97CA761A2148BB430098D487 /* LineGraphView.swift */,
				97CA761C2148C1E30098D487 /* BarGraphView.swift */,
				97F2D0331EC42BE3001B6CA6 /* Assets.xcassets */,
				97F2D0401EC42C6C001B6CA6 /* SNColor.swift */,
				97D1D5622142609D00A054CE /* Models */,
				97F2D0351EC42BE3001B6CA6 /* LaunchScreen.storyboard */,
				97F2D0381EC42BE3001B6CA6 /* Info.plist */,
			);
			path = SNGraph;
			sourceTree = "<group>";
		};
/* End PBXGroup section */

/* Begin PBXNativeTarget section */
		97F2D0281EC42BE3001B6CA6 /* SNGraph */ = {
			isa = PBXNativeTarget;
			buildConfigurationList = 97F2D03B1EC42BE3001B6CA6 /* Build configuration list for PBXNativeTarget "SNGraph" */;
			buildPhases = (
				97F2D0251EC42BE3001B6CA6 /* Sources */,
				97F2D0261EC42BE3001B6CA6 /* Frameworks */,
				97F2D0271EC42BE3001B6CA6 /* Resources */,
			);
			buildRules = (
			);
			dependencies = (
			);
			name = SNGraph;
			productName = SNGraph;
			productReference = 97F2D0291EC42BE3001B6CA6 /* SNGraph.app */;
			productType = "com.apple.product-type.application";
		};
/* End PBXNativeTarget section */

/* Begin PBXProject section */
		97F2D0211EC42BE3001B6CA6 /* Project object */ = {
			isa = PBXProject;
			attributes = {
				LastSwiftUpdateCheck = 0830;
				LastUpgradeCheck = 0940;
				ORGANIZATIONNAME = sonauma;
				TargetAttributes = {
					97F2D0281EC42BE3001B6CA6 = {
						CreatedOnToolsVersion = 8.3.2;
						DevelopmentTeam = UYJYD3G2HN;
						LastSwiftMigration = 0940;
						ProvisioningStyle = Automatic;
					};
				};
			};
			buildConfigurationList = 97F2D0241EC42BE3001B6CA6 /* Build configuration list for PBXProject "SNGraph" */;
			compatibilityVersion = "Xcode 3.2";
			developmentRegion = English;
			hasScannedForEncodings = 0;
			knownRegions = (
				en,
				Base,
			);
			mainGroup = 97F2D0201EC42BE3001B6CA6;
			productRefGroup = 97F2D02A1EC42BE3001B6CA6 /* Products */;
			projectDirPath = "";
			projectRoot = "";
			targets = (
				97F2D0281EC42BE3001B6CA6 /* SNGraph */,
			);
		};
/* End PBXProject section */

/* Begin PBXResourcesBuildPhase section */
		97F2D0271EC42BE3001B6CA6 /* Resources */ = {
			isa = PBXResourcesBuildPhase;
			buildActionMask = 2147483647;
			files = (
				97F2D0371EC42BE3001B6CA6 /* LaunchScreen.storyboard in Resources */,
				97F2D0341EC42BE3001B6CA6 /* Assets.xcassets in Resources */,
				97F2D0321EC42BE3001B6CA6 /* Main.storyboard in Resources */,
			);
			runOnlyForDeploymentPostprocessing = 0;
		};
/* End PBXResourcesBuildPhase section */

/* Begin PBXSourcesBuildPhase section */
		97F2D0251EC42BE3001B6CA6 /* Sources */ = {
			isa = PBXSourcesBuildPhase;
			buildActionMask = 2147483647;
			files = (
				97D1D564214267D700A054CE /* GraphObject.swift in Sources */,
				97F2D0411EC42C6C001B6CA6 /* SNColor.swift in Sources */,
				97F2D0471EC42CAE001B6CA6 /* SNLineGraphSingle.swift in Sources */,
				97F2D03F1EC42C4D001B6CA6 /* SNGraphFrame.swift in Sources */,
				97D750331EC5863B000563E1 /* SNBarGraph.swift in Sources */,
				97F2D02F1EC42BE3001B6CA6 /* ViewController.swift in Sources */,
				97CA761B2148BB430098D487 /* LineGraphView.swift in Sources */,
				97F2D0431EC42C7F001B6CA6 /* SNLineGraph.swift in Sources */,
				97D1D56A2147676D00A054CE /* SNBarGraphSingle.swift in Sources */,
				97CA761D2148C1E30098D487 /* BarGraphView.swift in Sources */,
				97F2D0491EC42CC8001B6CA6 /* MockData.swift in Sources */,
				97D1D56621426DAA00A054CE /* GraphData.swift in Sources */,
				97D1D568214757CD00A054CE /* GraphFrame.swift in Sources */,
				97F2D02D1EC42BE3001B6CA6 /* AppDelegate.swift in Sources */,
			);
			runOnlyForDeploymentPostprocessing = 0;
		};
/* End PBXSourcesBuildPhase section */

/* Begin PBXVariantGroup section */
		97F2D0301EC42BE3001B6CA6 /* Main.storyboard */ = {
			isa = PBXVariantGroup;
			children = (
				97F2D0311EC42BE3001B6CA6 /* Base */,
			);
			name = Main.storyboard;
			sourceTree = "<group>";
		};
		97F2D0351EC42BE3001B6CA6 /* LaunchScreen.storyboard */ = {
			isa = PBXVariantGroup;
			children = (
				97F2D0361EC42BE3001B6CA6 /* Base */,
			);
			name = LaunchScreen.storyboard;
			sourceTree = "<group>";
		};
/* End PBXVariantGroup section */

/* Begin XCBuildConfiguration section */
		97F2D0391EC42BE3001B6CA6 /* Debug */ = {
			isa = XCBuildConfiguration;
			buildSettings = {
				ALWAYS_SEARCH_USER_PATHS = NO;
				CLANG_ANALYZER_NONNULL = YES;
				CLANG_ANALYZER_NUMBER_OBJECT_CONVERSION = YES_AGGRESSIVE;
				CLANG_CXX_LANGUAGE_STANDARD = "gnu++0x";
				CLANG_CXX_LIBRARY = "libc++";
				CLANG_ENABLE_MODULES = YES;
				CLANG_ENABLE_OBJC_ARC = YES;
				CLANG_WARN_BLOCK_CAPTURE_AUTORELEASING = YES;
				CLANG_WARN_BOOL_CONVERSION = YES;
				CLANG_WARN_COMMA = YES;
				CLANG_WARN_CONSTANT_CONVERSION = YES;
				CLANG_WARN_DEPRECATED_OBJC_IMPLEMENTATIONS = YES;
				CLANG_WARN_DIRECT_OBJC_ISA_USAGE = YES_ERROR;
				CLANG_WARN_DOCUMENTATION_COMMENTS = YES;
				CLANG_WARN_EMPTY_BODY = YES;
				CLANG_WARN_ENUM_CONVERSION = YES;
				CLANG_WARN_INFINITE_RECURSION = YES;
				CLANG_WARN_INT_CONVERSION = YES;
				CLANG_WARN_NON_LITERAL_NULL_CONVERSION = YES;
				CLANG_WARN_OBJC_IMPLICIT_RETAIN_SELF = YES;
				CLANG_WARN_OBJC_LITERAL_CONVERSION = YES;
				CLANG_WARN_OBJC_ROOT_CLASS = YES_ERROR;
				CLANG_WARN_RANGE_LOOP_ANALYSIS = YES;
				CLANG_WARN_STRICT_PROTOTYPES = YES;
				CLANG_WARN_SUSPICIOUS_MOVE = YES;
				CLANG_WARN_UNREACHABLE_CODE = YES;
				CLANG_WARN__DUPLICATE_METHOD_MATCH = YES;
				"CODE_SIGN_IDENTITY[sdk=iphoneos*]" = "iPhone Developer";
				COPY_PHASE_STRIP = NO;
				DEBUG_INFORMATION_FORMAT = dwarf;
				ENABLE_STRICT_OBJC_MSGSEND = YES;
				ENABLE_TESTABILITY = YES;
				GCC_C_LANGUAGE_STANDARD = gnu99;
				GCC_DYNAMIC_NO_PIC = NO;
				GCC_NO_COMMON_BLOCKS = YES;
				GCC_OPTIMIZATION_LEVEL = 0;
				GCC_PREPROCESSOR_DEFINITIONS = (
					"DEBUG=1",
					"$(inherited)",
				);
				GCC_WARN_64_TO_32_BIT_CONVERSION = YES;
				GCC_WARN_ABOUT_RETURN_TYPE = YES_ERROR;
				GCC_WARN_UNDECLARED_SELECTOR = YES;
				GCC_WARN_UNINITIALIZED_AUTOS = YES_AGGRESSIVE;
				GCC_WARN_UNUSED_FUNCTION = YES;
				GCC_WARN_UNUSED_VARIABLE = YES;
				IPHONEOS_DEPLOYMENT_TARGET = 10.3;
				MTL_ENABLE_DEBUG_INFO = YES;
				ONLY_ACTIVE_ARCH = YES;
				SDKROOT = iphoneos;
				SWIFT_ACTIVE_COMPILATION_CONDITIONS = DEBUG;
				SWIFT_OPTIMIZATION_LEVEL = "-Onone";
				SWIFT_VERSION = 4.0;
			};
			name = Debug;
		};
		97F2D03A1EC42BE3001B6CA6 /* Release */ = {
			isa = XCBuildConfiguration;
			buildSettings = {
				ALWAYS_SEARCH_USER_PATHS = NO;
				CLANG_ANALYZER_NONNULL = YES;
				CLANG_ANALYZER_NUMBER_OBJECT_CONVERSION = YES_AGGRESSIVE;
				CLANG_CXX_LANGUAGE_STANDARD = "gnu++0x";
				CLANG_CXX_LIBRARY = "libc++";
				CLANG_ENABLE_MODULES = YES;
				CLANG_ENABLE_OBJC_ARC = YES;
				CLANG_WARN_BLOCK_CAPTURE_AUTORELEASING = YES;
				CLANG_WARN_BOOL_CONVERSION = YES;
				CLANG_WARN_COMMA = YES;
				CLANG_WARN_CONSTANT_CONVERSION = YES;
				CLANG_WARN_DEPRECATED_OBJC_IMPLEMENTATIONS = YES;
				CLANG_WARN_DIRECT_OBJC_ISA_USAGE = YES_ERROR;
				CLANG_WARN_DOCUMENTATION_COMMENTS = YES;
				CLANG_WARN_EMPTY_BODY = YES;
				CLANG_WARN_ENUM_CONVERSION = YES;
				CLANG_WARN_INFINITE_RECURSION = YES;
				CLANG_WARN_INT_CONVERSION = YES;
				CLANG_WARN_NON_LITERAL_NULL_CONVERSION = YES;
				CLANG_WARN_OBJC_IMPLICIT_RETAIN_SELF = YES;
				CLANG_WARN_OBJC_LITERAL_CONVERSION = YES;
				CLANG_WARN_OBJC_ROOT_CLASS = YES_ERROR;
				CLANG_WARN_RANGE_LOOP_ANALYSIS = YES;
				CLANG_WARN_STRICT_PROTOTYPES = YES;
				CLANG_WARN_SUSPICIOUS_MOVE = YES;
				CLANG_WARN_UNREACHABLE_CODE = YES;
				CLANG_WARN__DUPLICATE_METHOD_MATCH = YES;
				"CODE_SIGN_IDENTITY[sdk=iphoneos*]" = "iPhone Developer";
				COPY_PHASE_STRIP = NO;
				DEBUG_INFORMATION_FORMAT = "dwarf-with-dsym";
				ENABLE_NS_ASSERTIONS = NO;
				ENABLE_STRICT_OBJC_MSGSEND = YES;
				GCC_C_LANGUAGE_STANDARD = gnu99;
				GCC_NO_COMMON_BLOCKS = YES;
				GCC_WARN_64_TO_32_BIT_CONVERSION = YES;
				GCC_WARN_ABOUT_RETURN_TYPE = YES_ERROR;
				GCC_WARN_UNDECLARED_SELECTOR = YES;
				GCC_WARN_UNINITIALIZED_AUTOS = YES_AGGRESSIVE;
				GCC_WARN_UNUSED_FUNCTION = YES;
				GCC_WARN_UNUSED_VARIABLE = YES;
				IPHONEOS_DEPLOYMENT_TARGET = 10.3;
				MTL_ENABLE_DEBUG_INFO = NO;
				SDKROOT = iphoneos;
				SWIFT_OPTIMIZATION_LEVEL = "-Owholemodule";
				SWIFT_VERSION = 4.0;
				VALIDATE_PRODUCT = YES;
			};
			name = Release;
		};
		97F2D03C1EC42BE3001B6CA6 /* Debug */ = {
			isa = XCBuildConfiguration;
			buildSettings = {
				ASSETCATALOG_COMPILER_APPICON_NAME = AppIcon;
				DEVELOPMENT_TEAM = UYJYD3G2HN;
				INFOPLIST_FILE = SNGraph/Info.plist;
				LD_RUNPATH_SEARCH_PATHS = "$(inherited) @executable_path/Frameworks";
				PRODUCT_BUNDLE_IDENTIFIER = com.sonauma.SNGraph;
				PRODUCT_NAME = "$(TARGET_NAME)";
				SWIFT_SWIFT3_OBJC_INFERENCE = On;
				SWIFT_VERSION = 4.0;
			};
			name = Debug;
		};
		97F2D03D1EC42BE3001B6CA6 /* Release */ = {
			isa = XCBuildConfiguration;
			buildSettings = {
				ASSETCATALOG_COMPILER_APPICON_NAME = AppIcon;
				DEVELOPMENT_TEAM = UYJYD3G2HN;
				INFOPLIST_FILE = SNGraph/Info.plist;
				LD_RUNPATH_SEARCH_PATHS = "$(inherited) @executable_path/Frameworks";
				PRODUCT_BUNDLE_IDENTIFIER = com.sonauma.SNGraph;
				PRODUCT_NAME = "$(TARGET_NAME)";
				SWIFT_SWIFT3_OBJC_INFERENCE = On;
				SWIFT_VERSION = 4.0;
			};
			name = Release;
		};
/* End XCBuildConfiguration section */

/* Begin XCConfigurationList section */
		97F2D0241EC42BE3001B6CA6 /* Build configuration list for PBXProject "SNGraph" */ = {
			isa = XCConfigurationList;
			buildConfigurations = (
				97F2D0391EC42BE3001B6CA6 /* Debug */,
				97F2D03A1EC42BE3001B6CA6 /* Release */,
			);
			defaultConfigurationIsVisible = 0;
			defaultConfigurationName = Release;
		};
		97F2D03B1EC42BE3001B6CA6 /* Build configuration list for PBXNativeTarget "SNGraph" */ = {
			isa = XCConfigurationList;
			buildConfigurations = (
				97F2D03C1EC42BE3001B6CA6 /* Debug */,
				97F2D03D1EC42BE3001B6CA6 /* Release */,
			);
			defaultConfigurationIsVisible = 0;
			defaultConfigurationName = Release;
		};
/* End XCConfigurationList section */
	};
	rootObject = 97F2D0211EC42BE3001B6CA6 /* Project object */;
}
